{
  "name": "typescript-primeros-ejemplos",
  "version": "1.0.0",
  "lockfileVersion": 1,
  "requires": true,
  "dependencies": {
    "@types/node": {
      "version": "12.0.12",
      "resolved": "https://registry.npmjs.org/@types/node/-/node-12.0.12.tgz",
      "integrity": "sha512-Uy0PN4R5vgBUXFoJrKryf5aTk3kJ8Rv3PdlHjl6UaX+Cqp1QE0yPQ68MPXGrZOfG7gZVNDIJZYyot0B9ubXUrQ=="
    },
    "ascii-data-table": {
      "version": "2.1.1",
      "resolved": "https://registry.npmjs.org/ascii-data-table/-/ascii-data-table-2.1.1.tgz",
      "integrity": "sha1-j2L2fA8mJTOafgtWjCru2HWkEP4=",
      "requires": {
        "core-js": "^2.4.1"
      }
    },
    "asciichart": {
      "version": "1.5.9",
      "resolved": "https://registry.npmjs.org/asciichart/-/asciichart-1.5.9.tgz",
      "integrity": "sha512-1q/HY2qSQ4WvTryixibCX37ST2nqSYnUalVX4HtZtImb8DWRnoGB93hvPkpUypNILLosfMcceICSDYgFCeC2iw=="
    },
    "core-js": {
      "version": "2.6.9",
      "resolved": "https://registry.npmjs.org/core-js/-/core-js-2.6.9.tgz",
      "integrity": "sha512-HOpZf6eXmnl7la+cUdMnLvUxKNqLUzJvgIziQ0DiF3JwSImNphIqdGqzj6hIKyX04MmV0poclQ7+wjWvxQyR2A=="
    },
    "readline-sync": {
      "version": "1.4.9",
      "resolved": "https://registry.npmjs.org/readline-sync/-/readline-sync-1.4.9.tgz",
      "integrity": "sha1-PtqOZfI80qF+YTAbHwADOWr17No="
    }
  }
}
